
Microsoft Visual Studio Solution File, Format Version 12.00
# Visual Studio Version 16
VisualStudioVersion = 16.0.29326.143
MinimumVisualStudioVersion = 10.0.40219.1
Project("{FAE04EC0-301F-11D3-BF4B-00C04F79EFBC}") = "Task_22222", "Task_22222\Task_22222.csproj", "{549D3D54-072F-42BB-A0F9-DA902E971E85}"
EndProject
Global
	GlobalSection(SolutionConfigurationPlatforms) = preSolution
		Debug|Any CPU = Debug|Any CPU
		Release|Any CPU = Release|Any CPU
	EndGlobalSection
	GlobalSection(ProjectConfigurationPlatforms) = postSolution
		{549D3D54-072F-42BB-A0F9-DA902E971E85}.Debug|Any CPU.ActiveCfg = Debug|Any CPU
		{549D3D54-072F-42BB-A0F9-DA902E971E85}.Debug|Any CPU.Build.0 = Debug|Any CPU
		{549D3D54-072F-42BB-A0F9-DA902E971E85}.Release|Any CPU.ActiveCfg = Release|Any CPU
		{549D3D54-072F-42BB-A0F9-DA902E971E85}.Release|Any CPU.Build.0 = Release|Any CPU
	EndGlobalSection
	GlobalSection(SolutionProperties) = preSolution
		HideSolutionNode = FALSE
	EndGlobalSection
	GlobalSection(ExtensibilityGlobals) = postSolution
		SolutionGuid = {FBF861C0-CB82-410F-88AE-3BB10943F57D}
	EndGlobalSection
EndGlobal
